// !$*UTF8*$!
{
	archiveVersion = 1;
	classes = {
	};
	objectVersion = 50;
	objects = {

/* Begin PBXBuildFile section */
		2DE64D56CB0A82DD65AD6112 /* Pods_Corona_InfosTests.framework in Frameworks */ = {isa = PBXBuildFile; fileRef = 88B15E5A8106D2A804995D13 /* Pods_Corona_InfosTests.framework */; };
		53402D526581E09052EF6683 /* Pods_Corona_Infos.framework in Frameworks */ = {isa = PBXBuildFile; fileRef = B35877C49542FA1B7673C7B3 /* Pods_Corona_Infos.framework */; };
		6DBFECE4254C5F4E00B37464 /* AppDelegate.swift in Sources */ = {isa = PBXBuildFile; fileRef = 6DBFECE3254C5F4E00B37464 /* AppDelegate.swift */; };
		6DBFECE6254C5F4E00B37464 /* SceneDelegate.swift in Sources */ = {isa = PBXBuildFile; fileRef = 6DBFECE5254C5F4E00B37464 /* SceneDelegate.swift */; };
		6DBFECE8254C5F4E00B37464 /* ViewController.swift in Sources */ = {isa = PBXBuildFile; fileRef = 6DBFECE7254C5F4E00B37464 /* ViewController.swift */; };
		6DBFECEB254C5F4E00B37464 /* Main.storyboard in Resources */ = {isa = PBXBuildFile; fileRef = 6DBFECE9254C5F4E00B37464 /* Main.storyboard */; };
		6DBFECED254C5F4F00B37464 /* Assets.xcassets in Resources */ = {isa = PBXBuildFile; fileRef = 6DBFECEC254C5F4F00B37464 /* Assets.xcassets */; };
		6DBFECF0254C5F4F00B37464 /* LaunchScreen.storyboard in Resources */ = {isa = PBXBuildFile; fileRef = 6DBFECEE254C5F4F00B37464 /* LaunchScreen.storyboard */; };
		6DBFECFB254C5F4F00B37464 /* Corona_InfosTests.swift in Sources */ = {isa = PBXBuildFile; fileRef = 6DBFECFA254C5F4F00B37464 /* Corona_InfosTests.swift */; };
		6DBFED06254C5F4F00B37464 /* Corona_InfosUITests.swift in Sources */ = {isa = PBXBuildFile; fileRef = 6DBFED05254C5F4F00B37464 /* Corona_InfosUITests.swift */; };
		A0A585E3336731B32864D19D /* Pods_Corona_Infos_Corona_InfosUITests.framework in Frameworks */ = {isa = PBXBuildFile; fileRef = 50D30A087BE792BFD84E687E /* Pods_Corona_Infos_Corona_InfosUITests.framework */; };
/* End PBXBuildFile section */

/* Begin PBXContainerItemProxy section */
		6DBFECF7254C5F4F00B37464 /* PBXContainerItemProxy */ = {
			isa = PBXContainerItemProxy;
			containerPortal = 6DBFECD8254C5F4E00B37464 /* Project object */;
			proxyType = 1;
			remoteGlobalIDString = 6DBFECDF254C5F4E00B37464;
			remoteInfo = "Corona Infos";
		};
		6DBFED02254C5F4F00B37464 /* PBXContainerItemProxy */ = {
			isa = PBXContainerItemProxy;
			containerPortal = 6DBFECD8254C5F4E00B37464 /* Project object */;
			proxyType = 1;
			remoteGlobalIDString = 6DBFECDF254C5F4E00B37464;
			remoteInfo = "Corona Infos";
		};
/* End PBXContainerItemProxy section */

/* Begin PBXFileReference section */
		229283AEF7EA0213605C9812 /* Pods-Corona InfosTests.release.xcconfig */ = {isa = PBXFileReference; includeInIndex = 1; lastKnownFileType = text.xcconfig; name = "Pods-Corona InfosTests.release.xcconfig"; path = "Target Support Files/Pods-Corona InfosTests/Pods-Corona InfosTests.release.xcconfig"; sourceTree = "<group>"; };
		3385F6BD45ECBABE1E1214A9 /* Pods-Corona Infos-Corona InfosUITests.release.xcconfig */ = {isa = PBXFileReference; includeInIndex = 1; lastKnownFileType = text.xcconfig; name = "Pods-Corona Infos-Corona InfosUITests.release.xcconfig"; path = "Target Support Files/Pods-Corona Infos-Corona InfosUITests/Pods-Corona Infos-Corona InfosUITests.release.xcconfig"; sourceTree = "<group>"; };
		50D30A087BE792BFD84E687E /* Pods_Corona_Infos_Corona_InfosUITests.framework */ = {isa = PBXFileReference; explicitFileType = wrapper.framework; includeInIndex = 0; path = Pods_Corona_Infos_Corona_InfosUITests.framework; sourceTree = BUILT_PRODUCTS_DIR; };
		6DBFECE0254C5F4E00B37464 /* Corona Infos.app */ = {isa = PBXFileReference; explicitFileType = wrapper.application; includeInIndex = 0; path = "Corona Infos.app"; sourceTree = BUILT_PRODUCTS_DIR; };
		6DBFECE3254C5F4E00B37464 /* AppDelegate.swift */ = {isa = PBXFileReference; lastKnownFileType = sourcecode.swift; path = AppDelegate.swift; sourceTree = "<group>"; };
		6DBFECE5254C5F4E00B37464 /* SceneDelegate.swift */ = {isa = PBXFileReference; lastKnownFileType = sourcecode.swift; path = SceneDelegate.swift; sourceTree = "<group>"; };
		6DBFECE7254C5F4E00B37464 /* ViewController.swift */ = {isa = PBXFileReference; lastKnownFileType = sourcecode.swift; path = ViewController.swift; sourceTree = "<group>"; };
		6DBFECEA254C5F4E00B37464 /* Base */ = {isa = PBXFileReference; lastKnownFileType = file.storyboard; name = Base; path = Base.lproj/Main.storyboard; sourceTree = "<group>"; };
		6DBFECEC254C5F4F00B37464 /* Assets.xcassets */ = {isa = PBXFileReference; lastKnownFileType = folder.assetcatalog; path = Assets.xcassets; sourceTree = "<group>"; };
		6DBFECEF254C5F4F00B37464 /* Base */ = {isa = PBXFileReference; lastKnownFileType = file.storyboard; name = Base; path = Base.lproj/LaunchScreen.storyboard; sourceTree = "<group>"; };
		6DBFECF1254C5F4F00B37464 /* Info.plist */ = {isa = PBXFileReference; lastKnownFileType = text.plist.xml; path = Info.plist; sourceTree = "<group>"; };
		6DBFECF6254C5F4F00B37464 /* Corona InfosTests.xctest */ = {isa = PBXFileReference; explicitFileType = wrapper.cfbundle; includeInIndex = 0; path = "Corona InfosTests.xctest"; sourceTree = BUILT_PRODUCTS_DIR; };
		6DBFECFA254C5F4F00B37464 /* Corona_InfosTests.swift */ = {isa = PBXFileReference; lastKnownFileType = sourcecode.swift; path = Corona_InfosTests.swift; sourceTree = "<group>"; };
		6DBFECFC254C5F4F00B37464 /* Info.plist */ = {isa = PBXFileReference; lastKnownFileType = text.plist.xml; path = Info.plist; sourceTree = "<group>"; };
		6DBFED01254C5F4F00B37464 /* Corona InfosUITests.xctest */ = {isa = PBXFileReference; explicitFileType = wrapper.cfbundle; includeInIndex = 0; path = "Corona InfosUITests.xctest"; sourceTree = BUILT_PRODUCTS_DIR; };
		6DBFED05254C5F4F00B37464 /* Corona_InfosUITests.swift */ = {isa = PBXFileReference; lastKnownFileType = sourcecode.swift; path = Corona_InfosUITests.swift; sourceTree = "<group>"; };
		6DBFED07254C5F4F00B37464 /* Info.plist */ = {isa = PBXFileReference; lastKnownFileType = text.plist.xml; path = Info.plist; sourceTree = "<group>"; };
		7C4D0E8B2D5D705548936FAC /* Pods-Corona Infos-Corona InfosUITests.debug.xcconfig */ = {isa = PBXFileReference; includeInIndex = 1; lastKnownFileType = text.xcconfig; name = "Pods-Corona Infos-Corona InfosUITests.debug.xcconfig"; path = "Target Support Files/Pods-Corona Infos-Corona InfosUITests/Pods-Corona Infos-Corona InfosUITests.debug.xcconfig"; sourceTree = "<group>"; };
		88B15E5A8106D2A804995D13 /* Pods_Corona_InfosTests.framework */ = {isa = PBXFileReference; explicitFileType = wrapper.framework; includeInIndex = 0; path = Pods_Corona_InfosTests.framework; sourceTree = BUILT_PRODUCTS_DIR; };
		A610B86A9BB0939F8EBA35D8 /* Pods-Corona Infos.debug.xcconfig */ = {isa = PBXFileReference; includeInIndex = 1; lastKnownFileType = text.xcconfig; name = "Pods-Corona Infos.debug.xcconfig"; path = "Target Support Files/Pods-Corona Infos/Pods-Corona Infos.debug.xcconfig"; sourceTree = "<group>"; };
		B35877C49542FA1B7673C7B3 /* Pods_Corona_Infos.framework */ = {isa = PBXFileReference; explicitFileType = wrapper.framework; includeInIndex = 0; path = Pods_Corona_Infos.framework; sourceTree = BUILT_PRODUCTS_DIR; };
		CEAF89CD64BACA7E3BF07104 /* Pods-Corona InfosTests.debug.xcconfig */ = {isa = PBXFileReference; includeInIndex = 1; lastKnownFileType = text.xcconfig; name = "Pods-Corona InfosTests.debug.xcconfig"; path = "Target Support Files/Pods-Corona InfosTests/Pods-Corona InfosTests.debug.xcconfig"; sourceTree = "<group>"; };
		F1B737000F280723B2650053 /* Pods-Corona Infos.release.xcconfig */ = {isa = PBXFileReference; includeInIndex = 1; lastKnownFileType = text.xcconfig; name = "Pods-Corona Infos.release.xcconfig"; path = "Target Support Files/Pods-Corona Infos/Pods-Corona Infos.release.xcconfig"; sourceTree = "<group>"; };
/* End PBXFileReference section */

/* Begin PBXFrameworksBuildPhase section */
		6DBFECDD254C5F4E00B37464 /* Frameworks */ = {
			isa = PBXFrameworksBuildPhase;
			buildActionMask = 2147483647;
			files = (
				53402D526581E09052EF6683 /* Pods_Corona_Infos.framework in Frameworks */,
			);
			runOnlyForDeploymentPostprocessing = 0;
		};
		6DBFECF3254C5F4F00B37464 /* Frameworks */ = {
			isa = PBXFrameworksBuildPhase;
			buildActionMask = 2147483647;
			files = (
				2DE64D56CB0A82DD65AD6112 /* Pods_Corona_InfosTests.framework in Frameworks */,
			);
			runOnlyForDeploymentPostprocessing = 0;
		};
		6DBFECFE254C5F4F00B37464 /* Frameworks */ = {
			isa = PBXFrameworksBuildPhase;
			buildActionMask = 2147483647;
			files = (
				A0A585E3336731B32864D19D /* Pods_Corona_Infos_Corona_InfosUITests.framework in Frameworks */,
			);
			runOnlyForDeploymentPostprocessing = 0;
		};
/* End PBXFrameworksBuildPhase section */

/* Begin PBXGroup section */
		5D2E4224729313CC5A95C759 /* Pods */ = {
			isa = PBXGroup;
			children = (
				A610B86A9BB0939F8EBA35D8 /* Pods-Corona Infos.debug.xcconfig */,
				F1B737000F280723B2650053 /* Pods-Corona Infos.release.xcconfig */,
				7C4D0E8B2D5D705548936FAC /* Pods-Corona Infos-Corona InfosUITests.debug.xcconfig */,
				3385F6BD45ECBABE1E1214A9 /* Pods-Corona Infos-Corona InfosUITests.release.xcconfig */,
				CEAF89CD64BACA7E3BF07104 /* Pods-Corona InfosTests.debug.xcconfig */,
				229283AEF7EA0213605C9812 /* Pods-Corona InfosTests.release.xcconfig */,
			);
			name = Pods;
			path = Pods;
			sourceTree = "<group>";
		};
		6DBFECD7254C5F4E00B37464 = {
			isa = PBXGroup;
			children = (
				6DBFECE2254C5F4E00B37464 /* Corona Infos */,
				6DBFECF9254C5F4F00B37464 /* Corona InfosTests */,
				6DBFED04254C5F4F00B37464 /* Corona InfosUITests */,
				6DBFECE1254C5F4E00B37464 /* Products */,
				5D2E4224729313CC5A95C759 /* Pods */,
				8EB27A283429DAC84BCB6E1A /* Frameworks */,
			);
			sourceTree = "<group>";
		};
		6DBFECE1254C5F4E00B37464 /* Products */ = {
			isa = PBXGroup;
			children = (
				6DBFECE0254C5F4E00B37464 /* Corona Infos.app */,
				6DBFECF6254C5F4F00B37464 /* Corona InfosTests.xctest */,
				6DBFED01254C5F4F00B37464 /* Corona InfosUITests.xctest */,
			);
			name = Products;
			sourceTree = "<group>";
		};
		6DBFECE2254C5F4E00B37464 /* Corona Infos */ = {
			isa = PBXGroup;
			children = (
				6DBFECE3254C5F4E00B37464 /* AppDelegate.swift */,
				6DBFECE5254C5F4E00B37464 /* SceneDelegate.swift */,
				6DBFECE7254C5F4E00B37464 /* ViewController.swift */,
				6DBFECE9254C5F4E00B37464 /* Main.storyboard */,
				6DBFECEC254C5F4F00B37464 /* Assets.xcassets */,
				6DBFECEE254C5F4F00B37464 /* LaunchScreen.storyboard */,
				6DBFECF1254C5F4F00B37464 /* Info.plist */,
			);
			path = "Corona Infos";
			sourceTree = "<group>";
		};
		6DBFECF9254C5F4F00B37464 /* Corona InfosTests */ = {
			isa = PBXGroup;
			children = (
				6DBFECFA254C5F4F00B37464 /* Corona_InfosTests.swift */,
				6DBFECFC254C5F4F00B37464 /* Info.plist */,
			);
			path = "Corona InfosTests";
			sourceTree = "<group>";
		};
		6DBFED04254C5F4F00B37464 /* Corona InfosUITests */ = {
			isa = PBXGroup;
			children = (
				6DBFED05254C5F4F00B37464 /* Corona_InfosUITests.swift */,
				6DBFED07254C5F4F00B37464 /* Info.plist */,
			);
			path = "Corona InfosUITests";
			sourceTree = "<group>";
		};
		8EB27A283429DAC84BCB6E1A /* Frameworks */ = {
			isa = PBXGroup;
			children = (
				B35877C49542FA1B7673C7B3 /* Pods_Corona_Infos.framework */,
				50D30A087BE792BFD84E687E /* Pods_Corona_Infos_Corona_InfosUITests.framework */,
				88B15E5A8106D2A804995D13 /* Pods_Corona_InfosTests.framework */,
			);
			name = Frameworks;
			sourceTree = "<group>";
		};
/* End PBXGroup section */

/* Begin PBXNativeTarget section */
		6DBFECDF254C5F4E00B37464 /* Corona Infos */ = {
			isa = PBXNativeTarget;
			buildConfigurationList = 6DBFED0A254C5F4F00B37464 /* Build configuration list for PBXNativeTarget "Corona Infos" */;
			buildPhases = (
				DACD43EE64C8B8276AB450FA /* [CP] Check Pods Manifest.lock */,
				6DBFECDC254C5F4E00B37464 /* Sources */,
				6DBFECDD254C5F4E00B37464 /* Frameworks */,
				6DBFECDE254C5F4E00B37464 /* Resources */,
				90B5B85670754DF6A7813C4F /* [CP] Embed Pods Frameworks */,
			);
			buildRules = (
			);
			dependencies = (
			);
			name = "Corona Infos";
			productName = "Corona Infos";
			productReference = 6DBFECE0254C5F4E00B37464 /* Corona Infos.app */;
			productType = "com.apple.product-type.application";
		};
		6DBFECF5254C5F4F00B37464 /* Corona InfosTests */ = {
			isa = PBXNativeTarget;
			buildConfigurationList = 6DBFED0D254C5F4F00B37464 /* Build configuration list for PBXNativeTarget "Corona InfosTests" */;
			buildPhases = (
				54CB6C1253A131A32C5FD8E4 /* [CP] Check Pods Manifest.lock */,
				6DBFECF2254C5F4F00B37464 /* Sources */,
				6DBFECF3254C5F4F00B37464 /* Frameworks */,
				6DBFECF4254C5F4F00B37464 /* Resources */,
			);
			buildRules = (
			);
			dependencies = (
				6DBFECF8254C5F4F00B37464 /* PBXTargetDependency */,
			);
			name = "Corona InfosTests";
			productName = "Corona InfosTests";
			productReference = 6DBFECF6254C5F4F00B37464 /* Corona InfosTests.xctest */;
			productType = "com.apple.product-type.bundle.unit-test";
		};
		6DBFED00254C5F4F00B37464 /* Corona InfosUITests */ = {
			isa = PBXNativeTarget;
			buildConfigurationList = 6DBFED10254C5F4F00B37464 /* Build configuration list for PBXNativeTarget "Corona InfosUITests" */;
			buildPhases = (
				F56F921010B2F2230DBD6750 /* [CP] Check Pods Manifest.lock */,
				6DBFECFD254C5F4F00B37464 /* Sources */,
				6DBFECFE254C5F4F00B37464 /* Frameworks */,
				6DBFECFF254C5F4F00B37464 /* Resources */,
				EFB361B1CEF50ED9B69B9C0B /* [CP] Embed Pods Frameworks */,
			);
			buildRules = (
			);
			dependencies = (
				6DBFED03254C5F4F00B37464 /* PBXTargetDependency */,
			);
			name = "Corona InfosUITests";
			productName = "Corona InfosUITests";
			productReference = 6DBFED01254C5F4F00B37464 /* Corona InfosUITests.xctest */;
			productType = "com.apple.product-type.bundle.ui-testing";
		};
/* End PBXNativeTarget section */

/* Begin PBXProject section */
		6DBFECD8254C5F4E00B37464 /* Project object */ = {
			isa = PBXProject;
			attributes = {
				LastSwiftUpdateCheck = 1210;
				LastUpgradeCheck = 1210;
				TargetAttributes = {
					6DBFECDF254C5F4E00B37464 = {
						CreatedOnToolsVersion = 12.1;
					};
					6DBFECF5254C5F4F00B37464 = {
						CreatedOnToolsVersion = 12.1;
						TestTargetID = 6DBFECDF254C5F4E00B37464;
					};
					6DBFED00254C5F4F00B37464 = {
						CreatedOnToolsVersion = 12.1;
						TestTargetID = 6DBFECDF254C5F4E00B37464;
					};
				};
			};
			buildConfigurationList = 6DBFECDB254C5F4E00B37464 /* Build configuration list for PBXProject "Corona Infos" */;
			compatibilityVersion = "Xcode 9.3";
			developmentRegion = en;
			hasScannedForEncodings = 0;
			knownRegions = (
				en,
				Base,
			);
			mainGroup = 6DBFECD7254C5F4E00B37464;
			productRefGroup = 6DBFECE1254C5F4E00B37464 /* Products */;
			projectDirPath = "";
			projectRoot = "";
			targets = (
				6DBFECDF254C5F4E00B37464 /* Corona Infos */,
				6DBFECF5254C5F4F00B37464 /* Corona InfosTests */,
				6DBFED00254C5F4F00B37464 /* Corona InfosUITests */,
			);
		};
/* End PBXProject section */

/* Begin PBXResourcesBuildPhase section */
		6DBFECDE254C5F4E00B37464 /* Resources */ = {
			isa = PBXResourcesBuildPhase;
			buildActionMask = 2147483647;
			files = (
				6DBFECF0254C5F4F00B37464 /* LaunchScreen.storyboard in Resources */,
				6DBFECED254C5F4F00B37464 /* Assets.xcassets in Resources */,
				6DBFECEB254C5F4E00B37464 /* Main.storyboard in Resources */,
			);
			runOnlyForDeploymentPostprocessing = 0;
		};
		6DBFECF4254C5F4F00B37464 /* Resources */ = {
			isa = PBXResourcesBuildPhase;
			buildActionMask = 2147483647;
			files = (
			);
			runOnlyForDeploymentPostprocessing = 0;
		};
		6DBFECFF254C5F4F00B37464 /* Resources */ = {
			isa = PBXResourcesBuildPhase;
			buildActionMask = 2147483647;
			files = (
			);
			runOnlyForDeploymentPostprocessing = 0;
		};
/* End PBXResourcesBuildPhase section */

/* Begin PBXShellScriptBuildPhase section */
		54CB6C1253A131A32C5FD8E4 /* [CP] Check Pods Manifest.lock */ = {
			isa = PBXShellScriptBuildPhase;
			buildActionMask = 2147483647;
			files = (
			);
			inputFileListPaths = (
			);
			inputPaths = (
				"${PODS_PODFILE_DIR_PATH}/Podfile.lock",
				"${PODS_ROOT}/Manifest.lock",
			);
			name = "[CP] Check Pods Manifest.lock";
			outputFileListPaths = (
			);
			outputPaths = (
				"$(DERIVED_FILE_DIR)/Pods-Corona InfosTests-checkManifestLockResult.txt",
			);
			runOnlyForDeploymentPostprocessing = 0;
			shellPath = /bin/sh;
			shellScript = "diff \"${PODS_PODFILE_DIR_PATH}/Podfile.lock\" \"${PODS_ROOT}/Manifest.lock\" > /dev/null\nif [ $? != 0 ] ; then\n    # print error to STDERR\n    echo \"error: The sandbox is not in sync with the Podfile.lock. Run 'pod install' or update your CocoaPods installation.\" >&2\n    exit 1\nfi\n# This output is used by Xcode 'outputs' to avoid re-running this script phase.\necho \"SUCCESS\" > \"${SCRIPT_OUTPUT_FILE_0}\"\n";
			showEnvVarsInLog = 0;
		};
		90B5B85670754DF6A7813C4F /* [CP] Embed Pods Frameworks */ = {
			isa = PBXShellScriptBuildPhase;
			buildActionMask = 2147483647;
			files = (
			);
			inputFileListPaths = (
				"${PODS_ROOT}/Target Support Files/Pods-Corona Infos/Pods-Corona Infos-frameworks-${CONFIGURATION}-input-files.xcfilelist",
			);
			name = "[CP] Embed Pods Frameworks";
			outputFileListPaths = (
				"${PODS_ROOT}/Target Support Files/Pods-Corona Infos/Pods-Corona Infos-frameworks-${CONFIGURATION}-output-files.xcfilelist",
			);
			runOnlyForDeploymentPostprocessing = 0;
			shellPath = /bin/sh;
			shellScript = "\"${PODS_ROOT}/Target Support Files/Pods-Corona Infos/Pods-Corona Infos-frameworks.sh\"\n";
			showEnvVarsInLog = 0;
		};
		DACD43EE64C8B8276AB450FA /* [CP] Check Pods Manifest.lock */ = {
			isa = PBXShellScriptBuildPhase;
			buildActionMask = 2147483647;
			files = (
			);
			inputFileListPaths = (
			);
			inputPaths = (
				"${PODS_PODFILE_DIR_PATH}/Podfile.lock",
				"${PODS_ROOT}/Manifest.lock",
			);
			name = "[CP] Check Pods Manifest.lock";
			outputFileListPaths = (
			);
			outputPaths = (
				"$(DERIVED_FILE_DIR)/Pods-Corona Infos-checkManifestLockResult.txt",
			);
			runOnlyForDeploymentPostprocessing = 0;
			shellPath = /bin/sh;
			shellScript = "diff \"${PODS_PODFILE_DIR_PATH}/Podfile.lock\" \"${PODS_ROOT}/Manifest.lock\" > /dev/null\nif [ $? != 0 ] ; then\n    # print error to STDERR\n    echo \"error: The sandbox is not in sync with the Podfile.lock. Run 'pod install' or update your CocoaPods installation.\" >&2\n    exit 1\nfi\n# This output is used by Xcode 'outputs' to avoid re-running this script phase.\necho \"SUCCESS\" > \"${SCRIPT_OUTPUT_FILE_0}\"\n";
			showEnvVarsInLog = 0;
		};
		EFB361B1CEF50ED9B69B9C0B /* [CP] Embed Pods Frameworks */ = {
			isa = PBXShellScriptBuildPhase;
			buildActionMask = 2147483647;
			files = (
			);
			inputFileListPaths = (
				"${PODS_ROOT}/Target Support Files/Pods-Corona Infos-Corona InfosUITests/Pods-Corona Infos-Corona InfosUITests-frameworks-${CONFIGURATION}-input-files.xcfilelist",
			);
			name = "[CP] Embed Pods Frameworks";
			outputFileListPaths = (
				"${PODS_ROOT}/Target Support Files/Pods-Corona Infos-Corona InfosUITests/Pods-Corona Infos-Corona InfosUITests-frameworks-${CONFIGURATION}-output-files.xcfilelist",
			);
			runOnlyForDeploymentPostprocessing = 0;
			shellPath = /bin/sh;
			shellScript = "\"${PODS_ROOT}/Target Support Files/Pods-Corona Infos-Corona InfosUITests/Pods-Corona Infos-Corona InfosUITests-frameworks.sh\"\n";
			showEnvVarsInLog = 0;
		};
		F56F921010B2F2230DBD6750 /* [CP] Check Pods Manifest.lock */ = {
			isa = PBXShellScriptBuildPhase;
			buildActionMask = 2147483647;
			files = (
			);
			inputFileListPaths = (
			);
			inputPaths = (
				"${PODS_PODFILE_DIR_PATH}/Podfile.lock",
				"${PODS_ROOT}/Manifest.lock",
			);
			name = "[CP] Check Pods Manifest.lock";
			outputFileListPaths = (
			);
			outputPaths = (
				"$(DERIVED_FILE_DIR)/Pods-Corona Infos-Corona InfosUITests-checkManifestLockResult.txt",
			);
			runOnlyForDeploymentPostprocessing = 0;
			shellPath = /bin/sh;
			shellScript = "diff \"${PODS_PODFILE_DIR_PATH}/Podfile.lock\" \"${PODS_ROOT}/Manifest.lock\" > /dev/null\nif [ $? != 0 ] ; then\n    # print error to STDERR\n    echo \"error: The sandbox is not in sync with the Podfile.lock. Run 'pod install' or update your CocoaPods installation.\" >&2\n    exit 1\nfi\n# This output is used by Xcode 'outputs' to avoid re-running this script phase.\necho \"SUCCESS\" > \"${SCRIPT_OUTPUT_FILE_0}\"\n";
			showEnvVarsInLog = 0;
		};
/* End PBXShellScriptBuildPhase section */

/* Begin PBXSourcesBuildPhase section */
		6DBFECDC254C5F4E00B37464 /* Sources */ = {
			isa = PBXSourcesBuildPhase;
			buildActionMask = 2147483647;
			files = (
				6DBFECE8254C5F4E00B37464 /* ViewController.swift in Sources */,
				6DBFECE4254C5F4E00B37464 /* AppDelegate.swift in Sources */,
				6DBFECE6254C5F4E00B37464 /* SceneDelegate.swift in Sources */,
			);
			runOnlyForDeploymentPostprocessing = 0;
		};
		6DBFECF2254C5F4F00B37464 /* Sources */ = {
			isa = PBXSourcesBuildPhase;
			buildActionMask = 2147483647;
			files = (
				6DBFECFB254C5F4F00B37464 /* Corona_InfosTests.swift in Sources */,
			);
			runOnlyForDeploymentPostprocessing = 0;
		};
		6DBFECFD254C5F4F00B37464 /* Sources */ = {
			isa = PBXSourcesBuildPhase;
			buildActionMask = 2147483647;
			files = (
				6DBFED06254C5F4F00B37464 /* Corona_InfosUITests.swift in Sources */,
			);
			runOnlyForDeploymentPostprocessing = 0;
		};
/* End PBXSourcesBuildPhase section */

/* Begin PBXTargetDependency section */
		6DBFECF8254C5F4F00B37464 /* PBXTargetDependency */ = {
			isa = PBXTargetDependency;
			target = 6DBFECDF254C5F4E00B37464 /* Corona Infos */;
			targetProxy = 6DBFECF7254C5F4F00B37464 /* PBXContainerItemProxy */;
		};
		6DBFED03254C5F4F00B37464 /* PBXTargetDependency */ = {
			isa = PBXTargetDependency;
			target = 6DBFECDF254C5F4E00B37464 /* Corona Infos */;
			targetProxy = 6DBFED02254C5F4F00B37464 /* PBXContainerItemProxy */;
		};
/* End PBXTargetDependency section */

/* Begin PBXVariantGroup section */
		6DBFECE9254C5F4E00B37464 /* Main.storyboard */ = {
			isa = PBXVariantGroup;
			children = (
				6DBFECEA254C5F4E00B37464 /* Base */,
			);
			name = Main.storyboard;
			sourceTree = "<group>";
		};
		6DBFECEE254C5F4F00B37464 /* LaunchScreen.storyboard */ = {
			isa = PBXVariantGroup;
			children = (
				6DBFECEF254C5F4F00B37464 /* Base */,
			);
			name = LaunchScreen.storyboard;
			sourceTree = "<group>";
		};
/* End PBXVariantGroup section */

/* Begin XCBuildConfiguration section */
		6DBFED08254C5F4F00B37464 /* Debug */ = {
			isa = XCBuildConfiguration;
			buildSettings = {
				ALWAYS_SEARCH_USER_PATHS = NO;
				CLANG_ANALYZER_NONNULL = YES;
				CLANG_ANALYZER_NUMBER_OBJECT_CONVERSION = YES_AGGRESSIVE;
				CLANG_CXX_LANGUAGE_STANDARD = "gnu++14";
				CLANG_CXX_LIBRARY = "libc++";
				CLANG_ENABLE_MODULES = YES;
				CLANG_ENABLE_OBJC_ARC = YES;
				CLANG_ENABLE_OBJC_WEAK = YES;
				CLANG_WARN_BLOCK_CAPTURE_AUTORELEASING = YES;
				CLANG_WARN_BOOL_CONVERSION = YES;
				CLANG_WARN_COMMA = YES;
				CLANG_WARN_CONSTANT_CONVERSION = YES;
				CLANG_WARN_DEPRECATED_OBJC_IMPLEMENTATIONS = YES;
				CLANG_WARN_DIRECT_OBJC_ISA_USAGE = YES_ERROR;
				CLANG_WARN_DOCUMENTATION_COMMENTS = YES;
				CLANG_WARN_EMPTY_BODY = YES;
				CLANG_WARN_ENUM_CONVERSION = YES;
				CLANG_WARN_INFINITE_RECURSION = YES;
				CLANG_WARN_INT_CONVERSION = YES;
				CLANG_WARN_NON_LITERAL_NULL_CONVERSION = YES;
				CLANG_WARN_OBJC_IMPLICIT_RETAIN_SELF = YES;
				CLANG_WARN_OBJC_LITERAL_CONVERSION = YES;
				CLANG_WARN_OBJC_ROOT_CLASS = YES_ERROR;
				CLANG_WARN_QUOTED_INCLUDE_IN_FRAMEWORK_HEADER = YES;
				CLANG_WARN_RANGE_LOOP_ANALYSIS = YES;
				CLANG_WARN_STRICT_PROTOTYPES = YES;
				CLANG_WARN_SUSPICIOUS_MOVE = YES;
				CLANG_WARN_UNGUARDED_AVAILABILITY = YES_AGGRESSIVE;
				CLANG_WARN_UNREACHABLE_CODE = YES;
				CLANG_WARN__DUPLICATE_METHOD_MATCH = YES;
				COPY_PHASE_STRIP = NO;
				DEBUG_INFORMATION_FORMAT = dwarf;
				ENABLE_STRICT_OBJC_MSGSEND = YES;
				ENABLE_TESTABILITY = YES;
				GCC_C_LANGUAGE_STANDARD = gnu11;
				GCC_DYNAMIC_NO_PIC = NO;
				GCC_NO_COMMON_BLOCKS = YES;
				GCC_OPTIMIZATION_LEVEL = 0;
				GCC_PREPROCESSOR_DEFINITIONS = (
					"DEBUG=1",
					"$(inherited)",
				);
				GCC_WARN_64_TO_32_BIT_CONVERSION = YES;
				GCC_WARN_ABOUT_RETURN_TYPE = YES_ERROR;
				GCC_WARN_UNDECLARED_SELECTOR = YES;
				GCC_WARN_UNINITIALIZED_AUTOS = YES_AGGRESSIVE;
				GCC_WARN_UNUSED_FUNCTION = YES;
				GCC_WARN_UNUSED_VARIABLE = YES;
				IPHONEOS_DEPLOYMENT_TARGET = 14.1;
				MTL_ENABLE_DEBUG_INFO = INCLUDE_SOURCE;
				MTL_FAST_MATH = YES;
				ONLY_ACTIVE_ARCH = YES;
				SDKROOT = iphoneos;
				SWIFT_ACTIVE_COMPILATION_CONDITIONS = DEBUG;
				SWIFT_OPTIMIZATION_LEVEL = "-Onone";
			};
			name = Debug;
		};
		6DBFED09254C5F4F00B37464 /* Release */ = {
			isa = XCBuildConfiguration;
			buildSettings = {
				ALWAYS_SEARCH_USER_PATHS = NO;
				CLANG_ANALYZER_NONNULL = YES;
				CLANG_ANALYZER_NUMBER_OBJECT_CONVERSION = YES_AGGRESSIVE;
				CLANG_CXX_LANGUAGE_STANDARD = "gnu++14";
				CLANG_CXX_LIBRARY = "libc++";
				CLANG_ENABLE_MODULES = YES;
				CLANG_ENABLE_OBJC_ARC = YES;
				CLANG_ENABLE_OBJC_WEAK = YES;
				CLANG_WARN_BLOCK_CAPTURE_AUTORELEASING = YES;
				CLANG_WARN_BOOL_CONVERSION = YES;
				CLANG_WARN_COMMA = YES;
				CLANG_WARN_CONSTANT_CONVERSION = YES;
				CLANG_WARN_DEPRECATED_OBJC_IMPLEMENTATIONS = YES;
				CLANG_WARN_DIRECT_OBJC_ISA_USAGE = YES_ERROR;
				CLANG_WARN_DOCUMENTATION_COMMENTS = YES;
				CLANG_WARN_EMPTY_BODY = YES;
				CLANG_WARN_ENUM_CONVERSION = YES;
				CLANG_WARN_INFINITE_RECURSION = YES;
				CLANG_WARN_INT_CONVERSION = YES;
				CLANG_WARN_NON_LITERAL_NULL_CONVERSION = YES;
				CLANG_WARN_OBJC_IMPLICIT_RETAIN_SELF = YES;
				CLANG_WARN_OBJC_LITERAL_CONVERSION = YES;
				CLANG_WARN_OBJC_ROOT_CLASS = YES_ERROR;
				CLANG_WARN_QUOTED_INCLUDE_IN_FRAMEWORK_HEADER = YES;
				CLANG_WARN_RANGE_LOOP_ANALYSIS = YES;
				CLANG_WARN_STRICT_PROTOTYPES = YES;
				CLANG_WARN_SUSPICIOUS_MOVE = YES;
				CLANG_WARN_UNGUARDED_AVAILABILITY = YES_AGGRESSIVE;
				CLANG_WARN_UNREACHABLE_CODE = YES;
				CLANG_WARN__DUPLICATE_METHOD_MATCH = YES;
				COPY_PHASE_STRIP = NO;
				DEBUG_INFORMATION_FORMAT = "dwarf-with-dsym";
				ENABLE_NS_ASSERTIONS = NO;
				ENABLE_STRICT_OBJC_MSGSEND = YES;
				GCC_C_LANGUAGE_STANDARD = gnu11;
				GCC_NO_COMMON_BLOCKS = YES;
				GCC_WARN_64_TO_32_BIT_CONVERSION = YES;
				GCC_WARN_ABOUT_RETURN_TYPE = YES_ERROR;
				GCC_WARN_UNDECLARED_SELECTOR = YES;
				GCC_WARN_UNINITIALIZED_AUTOS = YES_AGGRESSIVE;
				GCC_WARN_UNUSED_FUNCTION = YES;
				GCC_WARN_UNUSED_VARIABLE = YES;
				IPHONEOS_DEPLOYMENT_TARGET = 14.1;
				MTL_ENABLE_DEBUG_INFO = NO;
				MTL_FAST_MATH = YES;
				SDKROOT = iphoneos;
				SWIFT_COMPILATION_MODE = wholemodule;
				SWIFT_OPTIMIZATION_LEVEL = "-O";
				VALIDATE_PRODUCT = YES;
			};
			name = Release;
		};
		6DBFED0B254C5F4F00B37464 /* Debug */ = {
			isa = XCBuildConfiguration;
			baseConfigurationReference = A610B86A9BB0939F8EBA35D8 /* Pods-Corona Infos.debug.xcconfig */;
			buildSettings = {
				ASSETCATALOG_COMPILER_APPICON_NAME = AppIcon;
				ASSETCATALOG_COMPILER_GLOBAL_ACCENT_COLOR_NAME = AccentColor;
				CODE_SIGN_STYLE = Automatic;
				INFOPLIST_FILE = "Corona Infos/Info.plist";
				LD_RUNPATH_SEARCH_PATHS = (
					"$(inherited)",
					"@executable_path/Frameworks",
				);
				PRODUCT_BUNDLE_IDENTIFIER = "com.guilherme.Corona-Infos";
				PRODUCT_NAME = "$(TARGET_NAME)";
				SWIFT_VERSION = 5.0;
				TARGETED_DEVICE_FAMILY = "1,2";
			};
			name = Debug;
		};
		6DBFED0C254C5F4F00B37464 /* Release */ = {
			isa = XCBuildConfiguration;
			baseConfigurationReference = F1B737000F280723B2650053 /* Pods-Corona Infos.release.xcconfig */;
			buildSettings = {
				ASSETCATALOG_COMPILER_APPICON_NAME = AppIcon;
				ASSETCATALOG_COMPILER_GLOBAL_ACCENT_COLOR_NAME = AccentColor;
				CODE_SIGN_STYLE = Automatic;
				INFOPLIST_FILE = "Corona Infos/Info.plist";
				LD_RUNPATH_SEARCH_PATHS = (
					"$(inherited)",
					"@executable_path/Frameworks",
				);
				PRODUCT_BUNDLE_IDENTIFIER = "com.guilherme.Corona-Infos";
				PRODUCT_NAME = "$(TARGET_NAME)";
				SWIFT_VERSION = 5.0;
				TARGETED_DEVICE_FAMILY = "1,2";
			};
			name = Release;
		};
		6DBFED0E254C5F4F00B37464 /* Debug */ = {
			isa = XCBuildConfiguration;
			baseConfigurationReference = CEAF89CD64BACA7E3BF07104 /* Pods-Corona InfosTests.debug.xcconfig */;
			buildSettings = {
				ALWAYS_EMBED_SWIFT_STANDARD_LIBRARIES = YES;
				BUNDLE_LOADER = "$(TEST_HOST)";
				CODE_SIGN_STYLE = Automatic;
				INFOPLIST_FILE = "Corona InfosTests/Info.plist";
				IPHONEOS_DEPLOYMENT_TARGET = 14.1;
				LD_RUNPATH_SEARCH_PATHS = (
					"$(inherited)",
					"@executable_path/Frameworks",
					"@loader_path/Frameworks",
				);
				PRODUCT_BUNDLE_IDENTIFIER = "com.guilherme.Corona-InfosTests";
				PRODUCT_NAME = "$(TARGET_NAME)";
				SWIFT_VERSION = 5.0;
				TARGETED_DEVICE_FAMILY = "1,2";
				TEST_HOST = "$(BUILT_PRODUCTS_DIR)/Corona Infos.app/Corona Infos";
			};
			name = Debug;
		};
		6DBFED0F254C5F4F00B37464 /* Release */ = {
			isa = XCBuildConfiguration;
			baseConfigurationReference = 229283AEF7EA0213605C9812 /* Pods-Corona InfosTests.release.xcconfig */;
			buildSettings = {
				ALWAYS_EMBED_SWIFT_STANDARD_LIBRARIES = YES;
				BUNDLE_LOADER = "$(TEST_HOST)";
				CODE_SIGN_STYLE = Automatic;
				INFOPLIST_FILE = "Corona InfosTests/Info.plist";
				IPHONEOS_DEPLOYMENT_TARGET = 14.1;
				LD_RUNPATH_SEARCH_PATHS = (
					"$(inherited)",
					"@executable_path/Frameworks",
					"@loader_path/Frameworks",
				);
				PRODUCT_BUNDLE_IDENTIFIER = "com.guilherme.Corona-InfosTests";
				PRODUCT_NAME = "$(TARGET_NAME)";
				SWIFT_VERSION = 5.0;
				TARGETED_DEVICE_FAMILY = "1,2";
				TEST_HOST = "$(BUILT_PRODUCTS_DIR)/Corona Infos.app/Corona Infos";
			};
			name = Release;
		};
		6DBFED11254C5F4F00B37464 /* Debug */ = {
			isa = XCBuildConfiguration;
			baseConfigurationReference = 7C4D0E8B2D5D705548936FAC /* Pods-Corona Infos-Corona InfosUITests.debug.xcconfig */;
			buildSettings = {
				ALWAYS_EMBED_SWIFT_STANDARD_LIBRARIES = YES;
				CODE_SIGN_STYLE = Automatic;
				INFOPLIST_FILE = "Corona InfosUITests/Info.plist";
				LD_RUNPATH_SEARCH_PATHS = (
					"$(inherited)",
					"@executable_path/Frameworks",
					"@loader_path/Frameworks",
				);
				PRODUCT_BUNDLE_IDENTIFIER = "com.guilherme.Corona-InfosUITests";
				PRODUCT_NAME = "$(TARGET_NAME)";
				SWIFT_VERSION = 5.0;
				TARGETED_DEVICE_FAMILY = "1,2";
				TEST_TARGET_NAME = "Corona Infos";
			};
			name = Debug;
		};
		6DBFED12254C5F4F00B37464 /* Release */ = {
			isa = XCBuildConfiguration;
			baseConfigurationReference = 3385F6BD45ECBABE1E1214A9 /* Pods-Corona Infos-Corona InfosUITests.release.xcconfig */;
			buildSettings = {
				ALWAYS_EMBED_SWIFT_STANDARD_LIBRARIES = YES;
				CODE_SIGN_STYLE = Automatic;
				INFOPLIST_FILE = "Corona InfosUITests/Info.plist";
				LD_RUNPATH_SEARCH_PATHS = (
					"$(inherited)",
					"@executable_path/Frameworks",
					"@loader_path/Frameworks",
				);
				PRODUCT_BUNDLE_IDENTIFIER = "com.guilherme.Corona-InfosUITests";
				PRODUCT_NAME = "$(TARGET_NAME)";
				SWIFT_VERSION = 5.0;
				TARGETED_DEVICE_FAMILY = "1,2";
				TEST_TARGET_NAME = "Corona Infos";
			};
			name = Release;
		};
/* End XCBuildConfiguration section */

/* Begin XCConfigurationList section */
		6DBFECDB254C5F4E00B37464 /* Build configuration list for PBXProject "Corona Infos" */ = {
			isa = XCConfigurationList;
			buildConfigurations = (
				6DBFED08254C5F4F00B37464 /* Debug */,
				6DBFED09254C5F4F00B37464 /* Release */,
			);
			defaultConfigurationIsVisible = 0;
			defaultConfigurationName = Release;
		};
		6DBFED0A254C5F4F00B37464 /* Build configuration list for PBXNativeTarget "Corona Infos" */ = {
			isa = XCConfigurationList;
			buildConfigurations = (
				6DBFED0B254C5F4F00B37464 /* Debug */,
				6DBFED0C254C5F4F00B37464 /* Release */,
			);
			defaultConfigurationIsVisible = 0;
			defaultConfigurationName = Release;
		};
		6DBFED0D254C5F4F00B37464 /* Build configuration list for PBXNativeTarget "Corona InfosTests" */ = {
			isa = XCConfigurationList;
			buildConfigurations = (
				6DBFED0E254C5F4F00B37464 /* Debug */,
				6DBFED0F254C5F4F00B37464 /* Release */,
			);
			defaultConfigurationIsVisible = 0;
			defaultConfigurationName = Release;
		};
		6DBFED10254C5F4F00B37464 /* Build configuration list for PBXNativeTarget "Corona InfosUITests" */ = {
			isa = XCConfigurationList;
			buildConfigurations = (
				6DBFED11254C5F4F00B37464 /* Debug */,
				6DBFED12254C5F4F00B37464 /* Release */,
			);
			defaultConfigurationIsVisible = 0;
			defaultConfigurationName = Release;
		};
/* End XCConfigurationList section */
	};
	rootObject = 6DBFECD8254C5F4E00B37464 /* Project object */;
}
